
Microsoft Visual Studio Solution File, Format Version 12.00
# Visual Studio 15
Project("{FAE04EC0-301F-11D3-BF4B-00C04F79EFBC}") = "GoogleMobileAds", "GoogleMobileAds.csproj", "{ED65394E-72E6-6897-B5CA-F06170F820B4}"
EndProject
Project("{FAE04EC0-301F-11D3-BF4B-00C04F79EFBC}") = "Assembly-CSharp", "Assembly-CSharp.csproj", "{AB0F4F31-46AF-1F53-4C62-83D1FCF0490A}"
EndProject
Project("{FAE04EC0-301F-11D3-BF4B-00C04F79EFBC}") = "Assembly-CSharp-Editor", "Assembly-CSharp-Editor.csproj", "{40EFFB0A-C8AA-9294-C9B1-C8AEC696C3FC}"
EndProject
Project("{FAE04EC0-301F-11D3-BF4B-00C04F79EFBC}") = "GoogleMobileAds.Editor", "GoogleMobileAds.Editor.csproj", "{C20F3FB5-641E-953D-D9C4-2975FD95D9E7}"
EndProject
Project("{FAE04EC0-301F-11D3-BF4B-00C04F79EFBC}") = "NativeShare.Runtime", "NativeShare.Runtime.csproj", "{78B1D3AD-4872-294C-C750-5CFFF7B083F6}"
EndProject
Project("{FAE04EC0-301F-11D3-BF4B-00C04F79EFBC}") = "NativeShare.Editor", "NativeShare.Editor.csproj", "{FDC033BB-66A2-6F1B-ED27-C313ECB8166E}"
EndProject
Global
	GlobalSection(SolutionConfigurationPlatforms) = preSolution
		Debug|Any CPU = Debug|Any CPU
		Release|Any CPU = Release|Any CPU
	EndGlobalSection
	GlobalSection(ProjectConfigurationPlatforms) = postSolution
		{ED65394E-72E6-6897-B5CA-F06170F820B4}.Debug|Any CPU.ActiveCfg = Debug|Any CPU
		{ED65394E-72E6-6897-B5CA-F06170F820B4}.Debug|Any CPU.Build.0 = Debug|Any CPU
		{ED65394E-72E6-6897-B5CA-F06170F820B4}.Release|Any CPU.ActiveCfg = Release|Any CPU
		{ED65394E-72E6-6897-B5CA-F06170F820B4}.Release|Any CPU.Build.0 = Release|Any CPU
		{AB0F4F31-46AF-1F53-4C62-83D1FCF0490A}.Debug|Any CPU.ActiveCfg = Debug|Any CPU
		{AB0F4F31-46AF-1F53-4C62-83D1FCF0490A}.Debug|Any CPU.Build.0 = Debug|Any CPU
		{AB0F4F31-46AF-1F53-4C62-83D1FCF0490A}.Release|Any CPU.ActiveCfg = Release|Any CPU
		{AB0F4F31-46AF-1F53-4C62-83D1FCF0490A}.Release|Any CPU.Build.0 = Release|Any CPU
		{40EFFB0A-C8AA-9294-C9B1-C8AEC696C3FC}.Debug|Any CPU.ActiveCfg = Debug|Any CPU
		{40EFFB0A-C8AA-9294-C9B1-C8AEC696C3FC}.Debug|Any CPU.Build.0 = Debug|Any CPU
		{40EFFB0A-C8AA-9294-C9B1-C8AEC696C3FC}.Release|Any CPU.ActiveCfg = Release|Any CPU
		{40EFFB0A-C8AA-9294-C9B1-C8AEC696C3FC}.Release|Any CPU.Build.0 = Release|Any CPU
		{C20F3FB5-641E-953D-D9C4-2975FD95D9E7}.Debug|Any CPU.ActiveCfg = Debug|Any CPU
		{C20F3FB5-641E-953D-D9C4-2975FD95D9E7}.Debug|Any CPU.Build.0 = Debug|Any CPU
		{C20F3FB5-641E-953D-D9C4-2975FD95D9E7}.Release|Any CPU.ActiveCfg = Release|Any CPU
		{C20F3FB5-641E-953D-D9C4-2975FD95D9E7}.Release|Any CPU.Build.0 = Release|Any CPU
		{78B1D3AD-4872-294C-C750-5CFFF7B083F6}.Debug|Any CPU.ActiveCfg = Debug|Any CPU
		{78B1D3AD-4872-294C-C750-5CFFF7B083F6}.Debug|Any CPU.Build.0 = Debug|Any CPU
		{78B1D3AD-4872-294C-C750-5CFFF7B083F6}.Release|Any CPU.ActiveCfg = Release|Any CPU
		{78B1D3AD-4872-294C-C750-5CFFF7B083F6}.Release|Any CPU.Build.0 = Release|Any CPU
		{FDC033BB-66A2-6F1B-ED27-C313ECB8166E}.Debug|Any CPU.ActiveCfg = Debug|Any CPU
		{FDC033BB-66A2-6F1B-ED27-C313ECB8166E}.Debug|Any CPU.Build.0 = Debug|Any CPU
		{FDC033BB-66A2-6F1B-ED27-C313ECB8166E}.Release|Any CPU.ActiveCfg = Release|Any CPU
		{FDC033BB-66A2-6F1B-ED27-C313ECB8166E}.Release|Any CPU.Build.0 = Release|Any CPU
	EndGlobalSection
	GlobalSection(SolutionProperties) = preSolution
		HideSolutionNode = FALSE
	EndGlobalSection
EndGlobal
